// !$*UTF8*$!
{
	archiveVersion = 1;
	classes = {
	};
	objectVersion = 46;
	objects = {

/* Begin PBXBuildFile section */
		BBDA71141CA2FA24001AF393 /* FiltersCells.swift in Sources */ = {isa = PBXBuildFile; fileRef = BBDA71131CA2FA24001AF393 /* FiltersCells.swift */; };
		BBEC2F3B1CA2AFCF006E83AE /* AppDelegate.swift in Sources */ = {isa = PBXBuildFile; fileRef = BBEC2F3A1CA2AFCF006E83AE /* AppDelegate.swift */; };
		BBEC2F3D1CA2AFCF006E83AE /* ViewController.swift in Sources */ = {isa = PBXBuildFile; fileRef = BBEC2F3C1CA2AFCF006E83AE /* ViewController.swift */; };
		BBEC2F401CA2AFCF006E83AE /* Main.storyboard in Resources */ = {isa = PBXBuildFile; fileRef = BBEC2F3E1CA2AFCF006E83AE /* Main.storyboard */; };
		BBEC2F421CA2AFCF006E83AE /* Assets.xcassets in Resources */ = {isa = PBXBuildFile; fileRef = BBEC2F411CA2AFCF006E83AE /* Assets.xcassets */; };
		BBEC2F451CA2AFCF006E83AE /* LaunchScreen.storyboard in Resources */ = {isa = PBXBuildFile; fileRef = BBEC2F431CA2AFCF006E83AE /* LaunchScreen.storyboard */; };
		BBEC2F4D1CA2B038006E83AE /* RGBAImage.swift in Sources */ = {isa = PBXBuildFile; fileRef = BBEC2F4C1CA2B038006E83AE /* RGBAImage.swift */; };
		FE0E25771CB67DA500D580F6 /* FilterCell.swift in Sources */ = {isa = PBXBuildFile; fileRef = FE0E25761CB67DA500D580F6 /* FilterCell.swift */; };
/* End PBXBuildFile section */

/* Begin PBXFileReference section */
		BBDA71131CA2FA24001AF393 /* FiltersCells.swift */ = {isa = PBXFileReference; fileEncoding = 4; lastKnownFileType = sourcecode.swift; path = FiltersCells.swift; sourceTree = "<group>"; };
		BBEC2F371CA2AFCF006E83AE /* Filterer_by_vitaliy.app */ = {isa = PBXFileReference; explicitFileType = wrapper.application; includeInIndex = 0; path = Filterer_by_vitaliy.app; sourceTree = BUILT_PRODUCTS_DIR; };
		BBEC2F3A1CA2AFCF006E83AE /* AppDelegate.swift */ = {isa = PBXFileReference; lastKnownFileType = sourcecode.swift; path = AppDelegate.swift; sourceTree = "<group>"; };
		BBEC2F3C1CA2AFCF006E83AE /* ViewController.swift */ = {isa = PBXFileReference; lastKnownFileType = sourcecode.swift; path = ViewController.swift; sourceTree = "<group>"; };
		BBEC2F3F1CA2AFCF006E83AE /* Base */ = {isa = PBXFileReference; lastKnownFileType = file.storyboard; name = Base; path = Base.lproj/Main.storyboard; sourceTree = "<group>"; };
		BBEC2F411CA2AFCF006E83AE /* Assets.xcassets */ = {isa = PBXFileReference; lastKnownFileType = folder.assetcatalog; path = Assets.xcassets; sourceTree = "<group>"; };
		BBEC2F441CA2AFCF006E83AE /* Base */ = {isa = PBXFileReference; lastKnownFileType = file.storyboard; name = Base; path = Base.lproj/LaunchScreen.storyboard; sourceTree = "<group>"; };
		BBEC2F461CA2AFD0006E83AE /* Info.plist */ = {isa = PBXFileReference; lastKnownFileType = text.plist.xml; path = Info.plist; sourceTree = "<group>"; };
		BBEC2F4C1CA2B038006E83AE /* RGBAImage.swift */ = {isa = PBXFileReference; fileEncoding = 4; lastKnownFileType = sourcecode.swift; path = RGBAImage.swift; sourceTree = "<group>"; };
		FE0E25761CB67DA500D580F6 /* FilterCell.swift */ = {isa = PBXFileReference; fileEncoding = 4; lastKnownFileType = sourcecode.swift; path = FilterCell.swift; sourceTree = "<group>"; };
/* End PBXFileReference section */

/* Begin PBXFrameworksBuildPhase section */
		BBEC2F341CA2AFCF006E83AE /* Frameworks */ = {
			isa = PBXFrameworksBuildPhase;
			buildActionMask = 2147483647;
			files = (
			);
			runOnlyForDeploymentPostprocessing = 0;
		};
/* End PBXFrameworksBuildPhase section */

/* Begin PBXGroup section */
		BBEC2F2E1CA2AFCF006E83AE = {
			isa = PBXGroup;
			children = (
				BBEC2F391CA2AFCF006E83AE /* Filterer_by_vitaliy */,
				BBEC2F381CA2AFCF006E83AE /* Products */,
			);
			sourceTree = "<group>";
		};
		BBEC2F381CA2AFCF006E83AE /* Products */ = {
			isa = PBXGroup;
			children = (
				BBEC2F371CA2AFCF006E83AE /* Filterer_by_vitaliy.app */,
			);
			name = Products;
			sourceTree = "<group>";
		};
		BBEC2F391CA2AFCF006E83AE /* Filterer_by_vitaliy */ = {
			isa = PBXGroup;
			children = (
				BBEC2F3A1CA2AFCF006E83AE /* AppDelegate.swift */,
				BBEC2F3C1CA2AFCF006E83AE /* ViewController.swift */,
				FE0E25761CB67DA500D580F6 /* FilterCell.swift */,
				BBEC2F4C1CA2B038006E83AE /* RGBAImage.swift */,
				BBDA71131CA2FA24001AF393 /* FiltersCells.swift */,
				BBEC2F3E1CA2AFCF006E83AE /* Main.storyboard */,
				BBEC2F411CA2AFCF006E83AE /* Assets.xcassets */,
				BBEC2F431CA2AFCF006E83AE /* LaunchScreen.storyboard */,
				BBEC2F461CA2AFD0006E83AE /* Info.plist */,
			);
			path = Filterer_by_vitaliy;
			sourceTree = "<group>";
		};
/* End PBXGroup section */

/* Begin PBXNativeTarget section */
		BBEC2F361CA2AFCF006E83AE /* Filterer_by_vitaliy */ = {
			isa = PBXNativeTarget;
			buildConfigurationList = BBEC2F491CA2AFD0006E83AE /* Build configuration list for PBXNativeTarget "Filterer_by_vitaliy" */;
			buildPhases = (
				BBEC2F331CA2AFCF006E83AE /* Sources */,
				BBEC2F341CA2AFCF006E83AE /* Frameworks */,
				BBEC2F351CA2AFCF006E83AE /* Resources */,
			);
			buildRules = (
			);
			dependencies = (
			);
			name = Filterer_by_vitaliy;
			productName = Filterer_by_vitaliy;
			productReference = BBEC2F371CA2AFCF006E83AE /* Filterer_by_vitaliy.app */;
			productType = "com.apple.product-type.application";
		};
/* End PBXNativeTarget section */

/* Begin PBXProject section */
		BBEC2F2F1CA2AFCF006E83AE /* Project object */ = {
			isa = PBXProject;
			attributes = {
				LastSwiftUpdateCheck = 0720;
				LastUpgradeCheck = 0720;
				ORGANIZATIONNAME = Vitaliy;
				TargetAttributes = {
					BBEC2F361CA2AFCF006E83AE = {
						CreatedOnToolsVersion = 7.2.1;
					};
				};
			};
			buildConfigurationList = BBEC2F321CA2AFCF006E83AE /* Build configuration list for PBXProject "Filterer_by_vitaliy" */;
			compatibilityVersion = "Xcode 3.2";
			developmentRegion = English;
			hasScannedForEncodings = 0;
			knownRegions = (
				en,
				Base,
			);
			mainGroup = BBEC2F2E1CA2AFCF006E83AE;
			productRefGroup = BBEC2F381CA2AFCF006E83AE /* Products */;
			projectDirPath = "";
			projectRoot = "";
			targets = (
				BBEC2F361CA2AFCF006E83AE /* Filterer_by_vitaliy */,
			);
		};
/* End PBXProject section */

/* Begin PBXResourcesBuildPhase section */
		BBEC2F351CA2AFCF006E83AE /* Resources */ = {
			isa = PBXResourcesBuildPhase;
			buildActionMask = 2147483647;
			files = (
				BBEC2F451CA2AFCF006E83AE /* LaunchScreen.storyboard in Resources */,
				BBEC2F421CA2AFCF006E83AE /* Assets.xcassets in Resources */,
				BBEC2F401CA2AFCF006E83AE /* Main.storyboard in Resources */,
			);
			runOnlyForDeploymentPostprocessing = 0;
		};
/* End PBXResourcesBuildPhase section */

/* Begin PBXSourcesBuildPhase section */
		BBEC2F331CA2AFCF006E83AE /* Sources */ = {
			isa = PBXSourcesBuildPhase;
			buildActionMask = 2147483647;
			files = (
				FE0E25771CB67DA500D580F6 /* FilterCell.swift in Sources */,
				BBEC2F3D1CA2AFCF006E83AE /* ViewController.swift in Sources */,
				BBDA71141CA2FA24001AF393 /* FiltersCells.swift in Sources */,
				BBEC2F4D1CA2B038006E83AE /* RGBAImage.swift in Sources */,
				BBEC2F3B1CA2AFCF006E83AE /* AppDelegate.swift in Sources */,
			);
			runOnlyForDeploymentPostprocessing = 0;
		};
/* End PBXSourcesBuildPhase section */

/* Begin PBXVariantGroup section */
		BBEC2F3E1CA2AFCF006E83AE /* Main.storyboard */ = {
			isa = PBXVariantGroup;
			children = (
				BBEC2F3F1CA2AFCF006E83AE /* Base */,
			);
			name = Main.storyboard;
			sourceTree = "<group>";
		};
		BBEC2F431CA2AFCF006E83AE /* LaunchScreen.storyboard */ = {
			isa = PBXVariantGroup;
			children = (
				BBEC2F441CA2AFCF006E83AE /* Base */,
			);
			name = LaunchScreen.storyboard;
			sourceTree = "<group>";
		};
/* End PBXVariantGroup section */

/* Begin XCBuildConfiguration section */
		BBEC2F471CA2AFD0006E83AE /* Debug */ = {
			isa = XCBuildConfiguration;
			buildSettings = {
				ALWAYS_SEARCH_USER_PATHS = NO;
				CLANG_CXX_LANGUAGE_STANDARD = "gnu++0x";
				CLANG_CXX_LIBRARY = "libc++";
				CLANG_ENABLE_MODULES = YES;
				CLANG_ENABLE_OBJC_ARC = YES;
				CLANG_WARN_BOOL_CONVERSION = YES;
				CLANG_WARN_CONSTANT_CONVERSION = YES;
				CLANG_WARN_DIRECT_OBJC_ISA_USAGE = YES_ERROR;
				CLANG_WARN_EMPTY_BODY = YES;
				CLANG_WARN_ENUM_CONVERSION = YES;
				CLANG_WARN_INT_CONVERSION = YES;
				CLANG_WARN_OBJC_ROOT_CLASS = YES_ERROR;
				CLANG_WARN_UNREACHABLE_CODE = YES;
				CLANG_WARN__DUPLICATE_METHOD_MATCH = YES;
				"CODE_SIGN_IDENTITY[sdk=iphoneos*]" = "iPhone Developer";
				COPY_PHASE_STRIP = NO;
				DEBUG_INFORMATION_FORMAT = dwarf;
				ENABLE_STRICT_OBJC_MSGSEND = YES;
				ENABLE_TESTABILITY = YES;
				GCC_C_LANGUAGE_STANDARD = gnu99;
				GCC_DYNAMIC_NO_PIC = NO;
				GCC_NO_COMMON_BLOCKS = YES;
				GCC_OPTIMIZATION_LEVEL = 0;
				GCC_PREPROCESSOR_DEFINITIONS = (
					"DEBUG=1",
					"$(inherited)",
				);
				GCC_WARN_64_TO_32_BIT_CONVERSION = YES;
				GCC_WARN_ABOUT_RETURN_TYPE = YES_ERROR;
				GCC_WARN_UNDECLARED_SELECTOR = YES;
				GCC_WARN_UNINITIALIZED_AUTOS = YES_AGGRESSIVE;
				GCC_WARN_UNUSED_FUNCTION = YES;
				GCC_WARN_UNUSED_VARIABLE = YES;
				IPHONEOS_DEPLOYMENT_TARGET = 9.2;
				MTL_ENABLE_DEBUG_INFO = YES;
				ONLY_ACTIVE_ARCH = YES;
				SDKROOT = iphoneos;
				SWIFT_OPTIMIZATION_LEVEL = "-Onone";
				TARGETED_DEVICE_FAMILY = "1,2";
			};
			name = Debug;
		};
		BBEC2F481CA2AFD0006E83AE /* Release */ = {
			isa = XCBuildConfiguration;
			buildSettings = {
				ALWAYS_SEARCH_USER_PATHS = NO;
				CLANG_CXX_LANGUAGE_STANDARD = "gnu++0x";
				CLANG_CXX_LIBRARY = "libc++";
				CLANG_ENABLE_MODULES = YES;
				CLANG_ENABLE_OBJC_ARC = YES;
				CLANG_WARN_BOOL_CONVERSION = YES;
				CLANG_WARN_CONSTANT_CONVERSION = YES;
				CLANG_WARN_DIRECT_OBJC_ISA_USAGE = YES_ERROR;
				CLANG_WARN_EMPTY_BODY = YES;
				CLANG_WARN_ENUM_CONVERSION = YES;
				CLANG_WARN_INT_CONVERSION = YES;
				CLANG_WARN_OBJC_ROOT_CLASS = YES_ERROR;
				CLANG_WARN_UNREACHABLE_CODE = YES;
				CLANG_WARN__DUPLICATE_METHOD_MATCH = YES;
				"CODE_SIGN_IDENTITY[sdk=iphoneos*]" = "iPhone Developer";
				COPY_PHASE_STRIP = NO;
				DEBUG_INFORMATION_FORMAT = "dwarf-with-dsym";
				ENABLE_NS_ASSERTIONS = NO;
				ENABLE_STRICT_OBJC_MSGSEND = YES;
				GCC_C_LANGUAGE_STANDARD = gnu99;
				GCC_NO_COMMON_BLOCKS = YES;
				GCC_WARN_64_TO_32_BIT_CONVERSION = YES;
				GCC_WARN_ABOUT_RETURN_TYPE = YES_ERROR;
				GCC_WARN_UNDECLARED_SELECTOR = YES;
				GCC_WARN_UNINITIALIZED_AUTOS = YES_AGGRESSIVE;
				GCC_WARN_UNUSED_FUNCTION = YES;
				GCC_WARN_UNUSED_VARIABLE = YES;
				IPHONEOS_DEPLOYMENT_TARGET = 9.2;
				MTL_ENABLE_DEBUG_INFO = NO;
				SDKROOT = iphoneos;
				TARGETED_DEVICE_FAMILY = "1,2";
				VALIDATE_PRODUCT = YES;
			};
			name = Release;
		};
		BBEC2F4A1CA2AFD0006E83AE /* Debug */ = {
			isa = XCBuildConfiguration;
			buildSettings = {
				ASSETCATALOG_COMPILER_APPICON_NAME = AppIcon;
				INFOPLIST_FILE = Filterer_by_vitaliy/Info.plist;
				LD_RUNPATH_SEARCH_PATHS = "$(inherited) @executable_path/Frameworks";
				PRODUCT_BUNDLE_IDENTIFIER = "com.vitaliyt.Filterer-by-vitaliy";
				PRODUCT_NAME = "$(TARGET_NAME)";
			};
			name = Debug;
		};
		BBEC2F4B1CA2AFD0006E83AE /* Release */ = {
			isa = XCBuildConfiguration;
			buildSettings = {
				ASSETCATALOG_COMPILER_APPICON_NAME = AppIcon;
				INFOPLIST_FILE = Filterer_by_vitaliy/Info.plist;
				LD_RUNPATH_SEARCH_PATHS = "$(inherited) @executable_path/Frameworks";
				PRODUCT_BUNDLE_IDENTIFIER = "com.vitaliyt.Filterer-by-vitaliy";
				PRODUCT_NAME = "$(TARGET_NAME)";
			};
			name = Release;
		};
/* End XCBuildConfiguration section */

/* Begin XCConfigurationList section */
		BBEC2F321CA2AFCF006E83AE /* Build configuration list for PBXProject "Filterer_by_vitaliy" */ = {
			isa = XCConfigurationList;
			buildConfigurations = (
				BBEC2F471CA2AFD0006E83AE /* Debug */,
				BBEC2F481CA2AFD0006E83AE /* Release */,
			);
			defaultConfigurationIsVisible = 0;
			defaultConfigurationName = Release;
		};
		BBEC2F491CA2AFD0006E83AE /* Build configuration list for PBXNativeTarget "Filterer_by_vitaliy" */ = {
			isa = XCConfigurationList;
			buildConfigurations = (
				BBEC2F4A1CA2AFD0006E83AE /* Debug */,
				BBEC2F4B1CA2AFD0006E83AE /* Release */,
			);
			defaultConfigurationIsVisible = 0;
			defaultConfigurationName = Release;
		};
/* End XCConfigurationList section */
	};
	rootObject = BBEC2F2F1CA2AFCF006E83AE /* Project object */;
}
